
Microsoft Visual Studio Solution File, Format Version 12.00
# Visual Studio Version 17
VisualStudioVersion = 17.0.31611.283
MinimumVisualStudioVersion = 10.0.40219.1
Project("{9A19103F-16F7-4668-BE54-9A1E7A4F7556}") = "AppSmartKids", "AppSmartKids\AppSmartKids.csproj", "{C91B7275-48CE-4E3C-8C29-DC454D59BC61}"
EndProject
Project("{FAE04EC0-301F-11D3-BF4B-00C04F79EFBC}") = "Entity", "Entity\Entity.csproj", "{9D64EF84-D516-4B32-98C4-1F2AF32D5A4B}"
EndProject
Project("{FAE04EC0-301F-11D3-BF4B-00C04F79EFBC}") = "WebSmartKid", "WebSmartKid\WebSmartKid.csproj", "{BFE0CE77-CB3F-4D28-937A-7A26B27A0F00}"
EndProject
Global
	GlobalSection(SolutionConfigurationPlatforms) = preSolution
		Debug|Any CPU = Debug|Any CPU
		Release|Any CPU = Release|Any CPU
	EndGlobalSection
	GlobalSection(ProjectConfigurationPlatforms) = postSolution
		{C91B7275-48CE-4E3C-8C29-DC454D59BC61}.Debug|Any CPU.ActiveCfg = Debug|Any CPU
		{C91B7275-48CE-4E3C-8C29-DC454D59BC61}.Debug|Any CPU.Build.0 = Debug|Any CPU
		{C91B7275-48CE-4E3C-8C29-DC454D59BC61}.Debug|Any CPU.Deploy.0 = Debug|Any CPU
		{C91B7275-48CE-4E3C-8C29-DC454D59BC61}.Release|Any CPU.ActiveCfg = Release|Any CPU
		{C91B7275-48CE-4E3C-8C29-DC454D59BC61}.Release|Any CPU.Build.0 = Release|Any CPU
		{C91B7275-48CE-4E3C-8C29-DC454D59BC61}.Release|Any CPU.Deploy.0 = Release|Any CPU
		{9D64EF84-D516-4B32-98C4-1F2AF32D5A4B}.Debug|Any CPU.ActiveCfg = Debug|Any CPU
		{9D64EF84-D516-4B32-98C4-1F2AF32D5A4B}.Debug|Any CPU.Build.0 = Debug|Any CPU
		{9D64EF84-D516-4B32-98C4-1F2AF32D5A4B}.Release|Any CPU.ActiveCfg = Release|Any CPU
		{9D64EF84-D516-4B32-98C4-1F2AF32D5A4B}.Release|Any CPU.Build.0 = Release|Any CPU
		{BFE0CE77-CB3F-4D28-937A-7A26B27A0F00}.Debug|Any CPU.ActiveCfg = Debug|Any CPU
		{BFE0CE77-CB3F-4D28-937A-7A26B27A0F00}.Debug|Any CPU.Build.0 = Debug|Any CPU
		{BFE0CE77-CB3F-4D28-937A-7A26B27A0F00}.Release|Any CPU.ActiveCfg = Release|Any CPU
		{BFE0CE77-CB3F-4D28-937A-7A26B27A0F00}.Release|Any CPU.Build.0 = Release|Any CPU
	EndGlobalSection
	GlobalSection(SolutionProperties) = preSolution
		HideSolutionNode = FALSE
	EndGlobalSection
	GlobalSection(ExtensibilityGlobals) = postSolution
		SolutionGuid = {61F7FB11-1E47-470C-91E2-47F8143E1572}
	EndGlobalSection
EndGlobal
