
Microsoft Visual Studio Solution File, Format Version 12.00
# Visual Studio Version 18
VisualStudioVersion = 18.5.11605.296 insiders
MinimumVisualStudioVersion = 10.0.40219.1
Project("{9A19103F-16F7-4668-BE54-9A1E7A4F7556}") = "WebSmartKid", "WebSmartKid\WebSmartKid.csproj", "{125E1567-9847-4FA6-B6BC-3D8D43D4B61E}"
EndProject
Project("{FAE04EC0-301F-11D3-BF4B-00C04F79EFBC}") = "ExtensionSmartKids", "ExtensionSmartKids\ExtensionSmartKids.csproj", "{62AB8242-8539-48D8-B886-C7D20FD5C80B}"
EndProject
Global
	GlobalSection(SolutionConfigurationPlatforms) = preSolution
		Debug|Any CPU = Debug|Any CPU
		Debug|iPhone = Debug|iPhone
		Debug|iPhoneSimulator = Debug|iPhoneSimulator
		Release|Any CPU = Release|Any CPU
		Release|iPhone = Release|iPhone
		Release|iPhoneSimulator = Release|iPhoneSimulator
	EndGlobalSection
	GlobalSection(ProjectConfigurationPlatforms) = postSolution
		{125E1567-9847-4FA6-B6BC-3D8D43D4B61E}.Debug|Any CPU.ActiveCfg = Debug|Any CPU
		{125E1567-9847-4FA6-B6BC-3D8D43D4B61E}.Debug|Any CPU.Build.0 = Debug|Any CPU
		{125E1567-9847-4FA6-B6BC-3D8D43D4B61E}.Debug|iPhone.ActiveCfg = Debug|Any CPU
		{125E1567-9847-4FA6-B6BC-3D8D43D4B61E}.Debug|iPhone.Build.0 = Debug|Any CPU
		{125E1567-9847-4FA6-B6BC-3D8D43D4B61E}.Debug|iPhoneSimulator.ActiveCfg = Debug|Any CPU
		{125E1567-9847-4FA6-B6BC-3D8D43D4B61E}.Debug|iPhoneSimulator.Build.0 = Debug|Any CPU
		{125E1567-9847-4FA6-B6BC-3D8D43D4B61E}.Release|Any CPU.ActiveCfg = Release|Any CPU
		{125E1567-9847-4FA6-B6BC-3D8D43D4B61E}.Release|Any CPU.Build.0 = Release|Any CPU
		{125E1567-9847-4FA6-B6BC-3D8D43D4B61E}.Release|iPhone.ActiveCfg = Release|Any CPU
		{125E1567-9847-4FA6-B6BC-3D8D43D4B61E}.Release|iPhone.Build.0 = Release|Any CPU
		{125E1567-9847-4FA6-B6BC-3D8D43D4B61E}.Release|iPhoneSimulator.ActiveCfg = Release|Any CPU
		{125E1567-9847-4FA6-B6BC-3D8D43D4B61E}.Release|iPhoneSimulator.Build.0 = Release|Any CPU
		{62AB8242-8539-48D8-B886-C7D20FD5C80B}.Debug|Any CPU.ActiveCfg = Debug|iPhoneSimulator
		{62AB8242-8539-48D8-B886-C7D20FD5C80B}.Debug|Any CPU.Build.0 = Debug|iPhoneSimulator
		{62AB8242-8539-48D8-B886-C7D20FD5C80B}.Debug|iPhone.ActiveCfg = Debug|iPhone
		{62AB8242-8539-48D8-B886-C7D20FD5C80B}.Debug|iPhone.Build.0 = Debug|iPhone
		{62AB8242-8539-48D8-B886-C7D20FD5C80B}.Debug|iPhoneSimulator.ActiveCfg = Debug|iPhoneSimulator
		{62AB8242-8539-48D8-B886-C7D20FD5C80B}.Debug|iPhoneSimulator.Build.0 = Debug|iPhoneSimulator
		{62AB8242-8539-48D8-B886-C7D20FD5C80B}.Release|Any CPU.ActiveCfg = Release|iPhoneSimulator
		{62AB8242-8539-48D8-B886-C7D20FD5C80B}.Release|Any CPU.Build.0 = Release|iPhoneSimulator
		{62AB8242-8539-48D8-B886-C7D20FD5C80B}.Release|iPhone.ActiveCfg = Release|iPhone
		{62AB8242-8539-48D8-B886-C7D20FD5C80B}.Release|iPhone.Build.0 = Release|iPhone
		{62AB8242-8539-48D8-B886-C7D20FD5C80B}.Release|iPhoneSimulator.ActiveCfg = Release|iPhoneSimulator
		{62AB8242-8539-48D8-B886-C7D20FD5C80B}.Release|iPhoneSimulator.Build.0 = Release|iPhoneSimulator
	EndGlobalSection
	GlobalSection(SolutionProperties) = preSolution
		HideSolutionNode = FALSE
	EndGlobalSection
	GlobalSection(ExtensibilityGlobals) = postSolution
		SolutionGuid = {61F7FB11-1E47-470C-91E2-47F8143E1572}
	EndGlobalSection
EndGlobal
